
Microsoft Visual Studio Solution File, Format Version 12.00
# Visual Studio Version 16
VisualStudioVersion = 16.0.30320.27
MinimumVisualStudioVersion = 10.0.40219.1
Project("{FAE04EC0-301F-11D3-BF4B-00C04F79EFBC}") = "ExchangeMoneyApp", "ExchangeMoneyApp\ExchangeMoneyApp.csproj", "{48EE0D2B-8C22-4720-8BDA-306E790B6027}"
EndProject
Global
	GlobalSection(SolutionConfigurationPlatforms) = preSolution
		Debug|Any CPU = Debug|Any CPU
		Release|Any CPU = Release|Any CPU
	EndGlobalSection
	GlobalSection(ProjectConfigurationPlatforms) = postSolution
		{48EE0D2B-8C22-4720-8BDA-306E790B6027}.Debug|Any CPU.ActiveCfg = Debug|Any CPU
		{48EE0D2B-8C22-4720-8BDA-306E790B6027}.Debug|Any CPU.Build.0 = Debug|Any CPU
		{48EE0D2B-8C22-4720-8BDA-306E790B6027}.Release|Any CPU.ActiveCfg = Release|Any CPU
		{48EE0D2B-8C22-4720-8BDA-306E790B6027}.Release|Any CPU.Build.0 = Release|Any CPU
	EndGlobalSection
	GlobalSection(SolutionProperties) = preSolution
		HideSolutionNode = FALSE
	EndGlobalSection
	GlobalSection(ExtensibilityGlobals) = postSolution
		SolutionGuid = {1A522C6D-C054-4D98-96CC-499E8B089F49}
	EndGlobalSection
EndGlobal
